
Microsoft Visual Studio Solution File, Format Version 9.00
# Visual C++ Express 2005
Project("{8BC9CEB8-8B4A-11D0-8D11-00A0C91BC942}") = "lua1", "lua1.vcproj", "{DD422572-E581-4489-9A2B-69BFFD9F7B6B}"
EndProject
Global
	GlobalSection(SolutionConfigurationPlatforms) = preSolution
		Debug|Win32 = Debug|Win32
		Release|Win32 = Release|Win32
	EndGlobalSection
	GlobalSection(ProjectConfigurationPlatforms) = postSolution
		{DD422572-E581-4489-9A2B-69BFFD9F7B6B}.Debug|Win32.ActiveCfg = Debug|Win32
		{DD422572-E581-4489-9A2B-69BFFD9F7B6B}.Debug|Win32.Build.0 = Debug|Win32
		{DD422572-E581-4489-9A2B-69BFFD9F7B6B}.Release|Win32.ActiveCfg = Release|Win32
		{DD422572-E581-4489-9A2B-69BFFD9F7B6B}.Release|Win32.Build.0 = Release|Win32
	EndGlobalSection
	GlobalSection(SolutionProperties) = preSolution
		HideSolutionNode = FALSE
	EndGlobalSection
EndGlobal
